// !$*UTF8*$!
{
	archiveVersion = 1;
	classes = {
	};
	objectVersion = 46;
	objects = {

/* Begin PBXBuildFile section */
		76C7A25C1A1F3278004AF34F /* main.m in Sources */ = {isa = PBXBuildFile; fileRef = 76C7A25B1A1F3278004AF34F /* main.m */; };
		76C7A25F1A1F3278004AF34F /* AppDelegate.m in Sources */ = {isa = PBXBuildFile; fileRef = 76C7A25E1A1F3278004AF34F /* AppDelegate.m */; };
		76C7A2621A1F3278004AF34F /* ViewController.m in Sources */ = {isa = PBXBuildFile; fileRef = 76C7A2611A1F3278004AF34F /* ViewController.m */; };
		76C7A2651A1F3278004AF34F /* Main.storyboard in Resources */ = {isa = PBXBuildFile; fileRef = 76C7A2631A1F3278004AF34F /* Main.storyboard */; };
		76C7A2671A1F3278004AF34F /* Images.xcassets in Resources */ = {isa = PBXBuildFile; fileRef = 76C7A2661A1F3278004AF34F /* Images.xcassets */; };
		76C7A26A1A1F3278004AF34F /* LaunchScreen.xib in Resources */ = {isa = PBXBuildFile; fileRef = 76C7A2681A1F3278004AF34F /* LaunchScreen.xib */; };
		76C7A2761A1F3278004AF34F /* MyBookTests.m in Sources */ = {isa = PBXBuildFile; fileRef = 76C7A2751A1F3278004AF34F /* MyBookTests.m */; };
/* End PBXBuildFile section */

/* Begin PBXContainerItemProxy section */
		76C7A2701A1F3278004AF34F /* PBXContainerItemProxy */ = {
			isa = PBXContainerItemProxy;
			containerPortal = 76C7A24E1A1F3278004AF34F /* Project object */;
			proxyType = 1;
			remoteGlobalIDString = 76C7A2551A1F3278004AF34F;
			remoteInfo = MyBook;
		};
/* End PBXContainerItemProxy section */

/* Begin PBXFileReference section */
		76C7A2561A1F3278004AF34F /* MyBook.app */ = {isa = PBXFileReference; explicitFileType = wrapper.application; includeInIndex = 0; path = MyBook.app; sourceTree = BUILT_PRODUCTS_DIR; };
		76C7A25A1A1F3278004AF34F /* Info.plist */ = {isa = PBXFileReference; lastKnownFileType = text.plist.xml; path = Info.plist; sourceTree = "<group>"; };
		76C7A25B1A1F3278004AF34F /* main.m */ = {isa = PBXFileReference; lastKnownFileType = sourcecode.c.objc; path = main.m; sourceTree = "<group>"; };
		76C7A25D1A1F3278004AF34F /* AppDelegate.h */ = {isa = PBXFileReference; lastKnownFileType = sourcecode.c.h; path = AppDelegate.h; sourceTree = "<group>"; };
		76C7A25E1A1F3278004AF34F /* AppDelegate.m */ = {isa = PBXFileReference; lastKnownFileType = sourcecode.c.objc; path = AppDelegate.m; sourceTree = "<group>"; };
		76C7A2601A1F3278004AF34F /* ViewController.h */ = {isa = PBXFileReference; lastKnownFileType = sourcecode.c.h; path = ViewController.h; sourceTree = "<group>"; };
		76C7A2611A1F3278004AF34F /* ViewController.m */ = {isa = PBXFileReference; lastKnownFileType = sourcecode.c.objc; path = ViewController.m; sourceTree = "<group>"; };
		76C7A2641A1F3278004AF34F /* Base */ = {isa = PBXFileReference; lastKnownFileType = file.storyboard; name = Base; path = Base.lproj/Main.storyboard; sourceTree = "<group>"; };
		76C7A2661A1F3278004AF34F /* Images.xcassets */ = {isa = PBXFileReference; lastKnownFileType = folder.assetcatalog; path = Images.xcassets; sourceTree = "<group>"; };
		76C7A2691A1F3278004AF34F /* Base */ = {isa = PBXFileReference; lastKnownFileType = file.xib; name = Base; path = Base.lproj/LaunchScreen.xib; sourceTree = "<group>"; };
		76C7A26F1A1F3278004AF34F /* MyBookTests.xctest */ = {isa = PBXFileReference; explicitFileType = wrapper.cfbundle; includeInIndex = 0; path = MyBookTests.xctest; sourceTree = BUILT_PRODUCTS_DIR; };
		76C7A2741A1F3278004AF34F /* Info.plist */ = {isa = PBXFileReference; lastKnownFileType = text.plist.xml; path = Info.plist; sourceTree = "<group>"; };
		76C7A2751A1F3278004AF34F /* MyBookTests.m */ = {isa = PBXFileReference; lastKnownFileType = sourcecode.c.objc; path = MyBookTests.m; sourceTree = "<group>"; };
/* End PBXFileReference section */

/* Begin PBXFrameworksBuildPhase section */
		76C7A2531A1F3278004AF34F /* Frameworks */ = {
			isa = PBXFrameworksBuildPhase;
			buildActionMask = 2147483647;
			files = (
			);
			runOnlyForDeploymentPostprocessing = 0;
		};
		76C7A26C1A1F3278004AF34F /* Frameworks */ = {
			isa = PBXFrameworksBuildPhase;
			buildActionMask = 2147483647;
			files = (
			);
			runOnlyForDeploymentPostprocessing = 0;
		};
/* End PBXFrameworksBuildPhase section */

/* Begin PBXGroup section */
		76C7A24D1A1F3278004AF34F = {
			isa = PBXGroup;
			children = (
				76C7A2581A1F3278004AF34F /* MyBook */,
				76C7A2721A1F3278004AF34F /* MyBookTests */,
				76C7A2571A1F3278004AF34F /* Products */,
			);
			sourceTree = "<group>";
		};
		76C7A2571A1F3278004AF34F /* Products */ = {
			isa = PBXGroup;
			children = (
				76C7A2561A1F3278004AF34F /* MyBook.app */,
				76C7A26F1A1F3278004AF34F /* MyBookTests.xctest */,
			);
			name = Products;
			sourceTree = "<group>";
		};
		76C7A2581A1F3278004AF34F /* MyBook */ = {
			isa = PBXGroup;
			children = (
				76C7A25D1A1F3278004AF34F /* AppDelegate.h */,
				76C7A25E1A1F3278004AF34F /* AppDelegate.m */,
				76C7A2601A1F3278004AF34F /* ViewController.h */,
				76C7A2611A1F3278004AF34F /* ViewController.m */,
				76C7A2631A1F3278004AF34F /* Main.storyboard */,
				76C7A2661A1F3278004AF34F /* Images.xcassets */,
				76C7A2681A1F3278004AF34F /* LaunchScreen.xib */,
				76C7A2591A1F3278004AF34F /* Supporting Files */,
			);
			path = MyBook;
			sourceTree = "<group>";
		};
		76C7A2591A1F3278004AF34F /* Supporting Files */ = {
			isa = PBXGroup;
			children = (
				76C7A25A1A1F3278004AF34F /* Info.plist */,
				76C7A25B1A1F3278004AF34F /* main.m */,
			);
			name = "Supporting Files";
			sourceTree = "<group>";
		};
		76C7A2721A1F3278004AF34F /* MyBookTests */ = {
			isa = PBXGroup;
			children = (
				76C7A2751A1F3278004AF34F /* MyBookTests.m */,
				76C7A2731A1F3278004AF34F /* Supporting Files */,
			);
			path = MyBookTests;
			sourceTree = "<group>";
		};
		76C7A2731A1F3278004AF34F /* Supporting Files */ = {
			isa = PBXGroup;
			children = (
				76C7A2741A1F3278004AF34F /* Info.plist */,
			);
			name = "Supporting Files";
			sourceTree = "<group>";
		};
/* End PBXGroup section */

/* Begin PBXNativeTarget section */
		76C7A2551A1F3278004AF34F /* MyBook */ = {
			isa = PBXNativeTarget;
			buildConfigurationList = 76C7A2791A1F3278004AF34F /* Build configuration list for PBXNativeTarget "MyBook" */;
			buildPhases = (
				76C7A2521A1F3278004AF34F /* Sources */,
				76C7A2531A1F3278004AF34F /* Frameworks */,
				76C7A2541A1F3278004AF34F /* Resources */,
			);
			buildRules = (
			);
			dependencies = (
			);
			name = MyBook;
			productName = MyBook;
			productReference = 76C7A2561A1F3278004AF34F /* MyBook.app */;
			productType = "com.apple.product-type.application";
		};
		76C7A26E1A1F3278004AF34F /* MyBookTests */ = {
			isa = PBXNativeTarget;
			buildConfigurationList = 76C7A27C1A1F3278004AF34F /* Build configuration list for PBXNativeTarget "MyBookTests" */;
			buildPhases = (
				76C7A26B1A1F3278004AF34F /* Sources */,
				76C7A26C1A1F3278004AF34F /* Frameworks */,
				76C7A26D1A1F3278004AF34F /* Resources */,
			);
			buildRules = (
			);
			dependencies = (
				76C7A2711A1F3278004AF34F /* PBXTargetDependency */,
			);
			name = MyBookTests;
			productName = MyBookTests;
			productReference = 76C7A26F1A1F3278004AF34F /* MyBookTests.xctest */;
			productType = "com.apple.product-type.bundle.unit-test";
		};
/* End PBXNativeTarget section */

/* Begin PBXProject section */
		76C7A24E1A1F3278004AF34F /* Project object */ = {
			isa = PBXProject;
			attributes = {
				LastUpgradeCheck = 0610;
				ORGANIZATIONNAME = Cyrilshanway;
				TargetAttributes = {
					76C7A2551A1F3278004AF34F = {
						CreatedOnToolsVersion = 6.1;
					};
					76C7A26E1A1F3278004AF34F = {
						CreatedOnToolsVersion = 6.1;
						TestTargetID = 76C7A2551A1F3278004AF34F;
					};
				};
			};
			buildConfigurationList = 76C7A2511A1F3278004AF34F /* Build configuration list for PBXProject "MyBook" */;
			compatibilityVersion = "Xcode 3.2";
			developmentRegion = English;
			hasScannedForEncodings = 0;
			knownRegions = (
				en,
				Base,
			);
			mainGroup = 76C7A24D1A1F3278004AF34F;
			productRefGroup = 76C7A2571A1F3278004AF34F /* Products */;
			projectDirPath = "";
			projectRoot = "";
			targets = (
				76C7A2551A1F3278004AF34F /* MyBook */,
				76C7A26E1A1F3278004AF34F /* MyBookTests */,
			);
		};
/* End PBXProject section */

/* Begin PBXResourcesBuildPhase section */
		76C7A2541A1F3278004AF34F /* Resources */ = {
			isa = PBXResourcesBuildPhase;
			buildActionMask = 2147483647;
			files = (
				76C7A2651A1F3278004AF34F /* Main.storyboard in Resources */,
				76C7A26A1A1F3278004AF34F /* LaunchScreen.xib in Resources */,
				76C7A2671A1F3278004AF34F /* Images.xcassets in Resources */,
			);
			runOnlyForDeploymentPostprocessing = 0;
		};
		76C7A26D1A1F3278004AF34F /* Resources */ = {
			isa = PBXResourcesBuildPhase;
			buildActionMask = 2147483647;
			files = (
			);
			runOnlyForDeploymentPostprocessing = 0;
		};
/* End PBXResourcesBuildPhase section */

/* Begin PBXSourcesBuildPhase section */
		76C7A2521A1F3278004AF34F /* Sources */ = {
			isa = PBXSourcesBuildPhase;
			buildActionMask = 2147483647;
			files = (
				76C7A2621A1F3278004AF34F /* ViewController.m in Sources */,
				76C7A25F1A1F3278004AF34F /* AppDelegate.m in Sources */,
				76C7A25C1A1F3278004AF34F /* main.m in Sources */,
			);
			runOnlyForDeploymentPostprocessing = 0;
		};
		76C7A26B1A1F3278004AF34F /* Sources */ = {
			isa = PBXSourcesBuildPhase;
			buildActionMask = 2147483647;
			files = (
				76C7A2761A1F3278004AF34F /* MyBookTests.m in Sources */,
			);
			runOnlyForDeploymentPostprocessing = 0;
		};
/* End PBXSourcesBuildPhase section */

/* Begin PBXTargetDependency section */
		76C7A2711A1F3278004AF34F /* PBXTargetDependency */ = {
			isa = PBXTargetDependency;
			target = 76C7A2551A1F3278004AF34F /* MyBook */;
			targetProxy = 76C7A2701A1F3278004AF34F /* PBXContainerItemProxy */;
		};
/* End PBXTargetDependency section */

/* Begin PBXVariantGroup section */
		76C7A2631A1F3278004AF34F /* Main.storyboard */ = {
			isa = PBXVariantGroup;
			children = (
				76C7A2641A1F3278004AF34F /* Base */,
			);
			name = Main.storyboard;
			sourceTree = "<group>";
		};
		76C7A2681A1F3278004AF34F /* LaunchScreen.xib */ = {
			isa = PBXVariantGroup;
			children = (
				76C7A2691A1F3278004AF34F /* Base */,
			);
			name = LaunchScreen.xib;
			sourceTree = "<group>";
		};
/* End PBXVariantGroup section */

/* Begin XCBuildConfiguration section */
		76C7A2771A1F3278004AF34F /* Debug */ = {
			isa = XCBuildConfiguration;
			buildSettings = {
				ALWAYS_SEARCH_USER_PATHS = NO;
				CLANG_CXX_LANGUAGE_STANDARD = "gnu++0x";
				CLANG_CXX_LIBRARY = "libc++";
				CLANG_ENABLE_MODULES = YES;
				CLANG_ENABLE_OBJC_ARC = YES;
				CLANG_WARN_BOOL_CONVERSION = YES;
				CLANG_WARN_CONSTANT_CONVERSION = YES;
				CLANG_WARN_DIRECT_OBJC_ISA_USAGE = YES_ERROR;
				CLANG_WARN_EMPTY_BODY = YES;
				CLANG_WARN_ENUM_CONVERSION = YES;
				CLANG_WARN_INT_CONVERSION = YES;
				CLANG_WARN_OBJC_ROOT_CLASS = YES_ERROR;
				CLANG_WARN_UNREACHABLE_CODE = YES;
				CLANG_WARN__DUPLICATE_METHOD_MATCH = YES;
				"CODE_SIGN_IDENTITY[sdk=iphoneos*]" = "iPhone Developer";
				COPY_PHASE_STRIP = NO;
				ENABLE_STRICT_OBJC_MSGSEND = YES;
				GCC_C_LANGUAGE_STANDARD = gnu99;
				GCC_DYNAMIC_NO_PIC = NO;
				GCC_OPTIMIZATION_LEVEL = 0;
				GCC_PREPROCESSOR_DEFINITIONS = (
					"DEBUG=1",
					"$(inherited)",
				);
				GCC_SYMBOLS_PRIVATE_EXTERN = NO;
				GCC_WARN_64_TO_32_BIT_CONVERSION = YES;
				GCC_WARN_ABOUT_RETURN_TYPE = YES_ERROR;
				GCC_WARN_UNDECLARED_SELECTOR = YES;
				GCC_WARN_UNINITIALIZED_AUTOS = YES_AGGRESSIVE;
				GCC_WARN_UNUSED_FUNCTION = YES;
				GCC_WARN_UNUSED_VARIABLE = YES;
				IPHONEOS_DEPLOYMENT_TARGET = 8.1;
				MTL_ENABLE_DEBUG_INFO = YES;
				ONLY_ACTIVE_ARCH = YES;
				SDKROOT = iphoneos;
			};
			name = Debug;
		};
		76C7A2781A1F3278004AF34F /* Release */ = {
			isa = XCBuildConfiguration;
			buildSettings = {
				ALWAYS_SEARCH_USER_PATHS = NO;
				CLANG_CXX_LANGUAGE_STANDARD = "gnu++0x";
				CLANG_CXX_LIBRARY = "libc++";
				CLANG_ENABLE_MODULES = YES;
				CLANG_ENABLE_OBJC_ARC = YES;
				CLANG_WARN_BOOL_CONVERSION = YES;
				CLANG_WARN_CONSTANT_CONVERSION = YES;
				CLANG_WARN_DIRECT_OBJC_ISA_USAGE = YES_ERROR;
				CLANG_WARN_EMPTY_BODY = YES;
				CLANG_WARN_ENUM_CONVERSION = YES;
				CLANG_WARN_INT_CONVERSION = YES;
				CLANG_WARN_OBJC_ROOT_CLASS = YES_ERROR;
				CLANG_WARN_UNREACHABLE_CODE = YES;
				CLANG_WARN__DUPLICATE_METHOD_MATCH = YES;
				"CODE_SIGN_IDENTITY[sdk=iphoneos*]" = "iPhone Developer";
				COPY_PHASE_STRIP = YES;
				ENABLE_NS_ASSERTIONS = NO;
				ENABLE_STRICT_OBJC_MSGSEND = YES;
				GCC_C_LANGUAGE_STANDARD = gnu99;
				GCC_WARN_64_TO_32_BIT_CONVERSION = YES;
				GCC_WARN_ABOUT_RETURN_TYPE = YES_ERROR;
				GCC_WARN_UNDECLARED_SELECTOR = YES;
				GCC_WARN_UNINITIALIZED_AUTOS = YES_AGGRESSIVE;
				GCC_WARN_UNUSED_FUNCTION = YES;
				GCC_WARN_UNUSED_VARIABLE = YES;
				IPHONEOS_DEPLOYMENT_TARGET = 8.1;
				MTL_ENABLE_DEBUG_INFO = NO;
				SDKROOT = iphoneos;
				VALIDATE_PRODUCT = YES;
			};
			name = Release;
		};
		76C7A27A1A1F3278004AF34F /* Debug */ = {
			isa = XCBuildConfiguration;
			buildSettings = {
				ASSETCATALOG_COMPILER_APPICON_NAME = AppIcon;
				INFOPLIST_FILE = MyBook/Info.plist;
				LD_RUNPATH_SEARCH_PATHS = "$(inherited) @executable_path/Frameworks";
				PRODUCT_NAME = "$(TARGET_NAME)";
			};
			name = Debug;
		};
		76C7A27B1A1F3278004AF34F /* Release */ = {
			isa = XCBuildConfiguration;
			buildSettings = {
				ASSETCATALOG_COMPILER_APPICON_NAME = AppIcon;
				INFOPLIST_FILE = MyBook/Info.plist;
				LD_RUNPATH_SEARCH_PATHS = "$(inherited) @executable_path/Frameworks";
				PRODUCT_NAME = "$(TARGET_NAME)";
			};
			name = Release;
		};
		76C7A27D1A1F3278004AF34F /* Debug */ = {
			isa = XCBuildConfiguration;
			buildSettings = {
				BUNDLE_LOADER = "$(TEST_HOST)";
				FRAMEWORK_SEARCH_PATHS = (
					"$(SDKROOT)/Developer/Library/Frameworks",
					"$(inherited)",
				);
				GCC_PREPROCESSOR_DEFINITIONS = (
					"DEBUG=1",
					"$(inherited)",
				);
				INFOPLIST_FILE = MyBookTests/Info.plist;
				LD_RUNPATH_SEARCH_PATHS = "$(inherited) @executable_path/Frameworks @loader_path/Frameworks";
				PRODUCT_NAME = "$(TARGET_NAME)";
				TEST_HOST = "$(BUILT_PRODUCTS_DIR)/MyBook.app/MyBook";
			};
			name = Debug;
		};
		76C7A27E1A1F3278004AF34F /* Release */ = {
			isa = XCBuildConfiguration;
			buildSettings = {
				BUNDLE_LOADER = "$(TEST_HOST)";
				FRAMEWORK_SEARCH_PATHS = (
					"$(SDKROOT)/Developer/Library/Frameworks",
					"$(inherited)",
				);
				INFOPLIST_FILE = MyBookTests/Info.plist;
				LD_RUNPATH_SEARCH_PATHS = "$(inherited) @executable_path/Frameworks @loader_path/Frameworks";
				PRODUCT_NAME = "$(TARGET_NAME)";
				TEST_HOST = "$(BUILT_PRODUCTS_DIR)/MyBook.app/MyBook";
			};
			name = Release;
		};
/* End XCBuildConfiguration section */

/* Begin XCConfigurationList section */
		76C7A2511A1F3278004AF34F /* Build configuration list for PBXProject "MyBook" */ = {
			isa = XCConfigurationList;
			buildConfigurations = (
				76C7A2771A1F3278004AF34F /* Debug */,
				76C7A2781A1F3278004AF34F /* Release */,
			);
			defaultConfigurationIsVisible = 0;
			defaultConfigurationName = Release;
		};
		76C7A2791A1F3278004AF34F /* Build configuration list for PBXNativeTarget "MyBook" */ = {
			isa = XCConfigurationList;
			buildConfigurations = (
				76C7A27A1A1F3278004AF34F /* Debug */,
				76C7A27B1A1F3278004AF34F /* Release */,
			);
			defaultConfigurationIsVisible = 0;
		};
		76C7A27C1A1F3278004AF34F /* Build configuration list for PBXNativeTarget "MyBookTests" */ = {
			isa = XCConfigurationList;
			buildConfigurations = (
				76C7A27D1A1F3278004AF34F /* Debug */,
				76C7A27E1A1F3278004AF34F /* Release */,
			);
			defaultConfigurationIsVisible = 0;
		};
/* End XCConfigurationList section */
	};
	rootObject = 76C7A24E1A1F3278004AF34F /* Project object */;
}
